
Microsoft Visual Studio Solution File, Format Version 12.00
# Visual Studio Version 17
VisualStudioVersion = 17.5.002.0
MinimumVisualStudioVersion = 10.0.40219.1
Project("{9A19103F-16F7-4668-BE54-9A1E7A4F7556}") = "00000", "00000\00000.csproj", "{912CD887-7EDB-443E-B638-61480C15E542}"
EndProject
Project("{9A19103F-16F7-4668-BE54-9A1E7A4F7556}") = "01026", "01026\01026.csproj", "{B539BC0A-EC27-40FA-9F9B-72C2D0D2DBC6}"
EndProject
Project("{9A19103F-16F7-4668-BE54-9A1E7A4F7556}") = "09950", "09950\09950.csproj", "{768AB851-933C-4705-9471-E3DFA7B317C9}"
EndProject
Project("{9A19103F-16F7-4668-BE54-9A1E7A4F7556}") = "11549", "11549\11549.csproj", "{3A48253B-8262-48C5-8D5A-B07714A84BF9}"
EndProject
Project("{9A19103F-16F7-4668-BE54-9A1E7A4F7556}") = "13225", "13225\13225.csproj", "{E0D92279-559D-42AB-BCB5-C6741298D158}"
EndProject
Project("{9A19103F-16F7-4668-BE54-9A1E7A4F7556}") = "15233", "15233\15233.csproj", "{7E301C73-F369-4D67-B60E-01BE31B22C34}"
EndProject
Project("{9A19103F-16F7-4668-BE54-9A1E7A4F7556}") = "15439", "15439\15439.csproj", "{63815074-A1AF-4DE1-B694-5907E665FF1D}"
EndProject
Project("{9A19103F-16F7-4668-BE54-9A1E7A4F7556}") = "17874", "17874\17874.csproj", "{A0FDB245-CF2E-484A-8C30-E22D8CFA7843}"
EndProject
Project("{9A19103F-16F7-4668-BE54-9A1E7A4F7556}") = "23805", "23805\23805.csproj", "{7C147D35-79B3-43D6-B0AB-A7B53634A213}"
EndProject
Project("{9A19103F-16F7-4668-BE54-9A1E7A4F7556}") = "23808", "23808\23808.csproj", "{0BC5149B-1EA8-4811-93B7-472B828E2ED8}"
EndProject
Global
	GlobalSection(SolutionConfigurationPlatforms) = preSolution
		Debug|Any CPU = Debug|Any CPU
		Release|Any CPU = Release|Any CPU
	EndGlobalSection
	GlobalSection(ProjectConfigurationPlatforms) = postSolution
		{912CD887-7EDB-443E-B638-61480C15E542}.Debug|Any CPU.ActiveCfg = Debug|Any CPU
		{912CD887-7EDB-443E-B638-61480C15E542}.Debug|Any CPU.Build.0 = Debug|Any CPU
		{912CD887-7EDB-443E-B638-61480C15E542}.Release|Any CPU.ActiveCfg = Release|Any CPU
		{912CD887-7EDB-443E-B638-61480C15E542}.Release|Any CPU.Build.0 = Release|Any CPU
		{B539BC0A-EC27-40FA-9F9B-72C2D0D2DBC6}.Debug|Any CPU.ActiveCfg = Debug|Any CPU
		{B539BC0A-EC27-40FA-9F9B-72C2D0D2DBC6}.Debug|Any CPU.Build.0 = Debug|Any CPU
		{B539BC0A-EC27-40FA-9F9B-72C2D0D2DBC6}.Release|Any CPU.ActiveCfg = Release|Any CPU
		{B539BC0A-EC27-40FA-9F9B-72C2D0D2DBC6}.Release|Any CPU.Build.0 = Release|Any CPU
		{768AB851-933C-4705-9471-E3DFA7B317C9}.Debug|Any CPU.ActiveCfg = Debug|Any CPU
		{768AB851-933C-4705-9471-E3DFA7B317C9}.Debug|Any CPU.Build.0 = Debug|Any CPU
		{768AB851-933C-4705-9471-E3DFA7B317C9}.Release|Any CPU.ActiveCfg = Release|Any CPU
		{768AB851-933C-4705-9471-E3DFA7B317C9}.Release|Any CPU.Build.0 = Release|Any CPU
		{3A48253B-8262-48C5-8D5A-B07714A84BF9}.Debug|Any CPU.ActiveCfg = Debug|Any CPU
		{3A48253B-8262-48C5-8D5A-B07714A84BF9}.Debug|Any CPU.Build.0 = Debug|Any CPU
		{3A48253B-8262-48C5-8D5A-B07714A84BF9}.Release|Any CPU.ActiveCfg = Release|Any CPU
		{3A48253B-8262-48C5-8D5A-B07714A84BF9}.Release|Any CPU.Build.0 = Release|Any CPU
		{E0D92279-559D-42AB-BCB5-C6741298D158}.Debug|Any CPU.ActiveCfg = Debug|Any CPU
		{E0D92279-559D-42AB-BCB5-C6741298D158}.Debug|Any CPU.Build.0 = Debug|Any CPU
		{E0D92279-559D-42AB-BCB5-C6741298D158}.Release|Any CPU.ActiveCfg = Release|Any CPU
		{E0D92279-559D-42AB-BCB5-C6741298D158}.Release|Any CPU.Build.0 = Release|Any CPU
		{7E301C73-F369-4D67-B60E-01BE31B22C34}.Debug|Any CPU.ActiveCfg = Debug|Any CPU
		{7E301C73-F369-4D67-B60E-01BE31B22C34}.Debug|Any CPU.Build.0 = Debug|Any CPU
		{7E301C73-F369-4D67-B60E-01BE31B22C34}.Release|Any CPU.ActiveCfg = Release|Any CPU
		{7E301C73-F369-4D67-B60E-01BE31B22C34}.Release|Any CPU.Build.0 = Release|Any CPU
		{63815074-A1AF-4DE1-B694-5907E665FF1D}.Debug|Any CPU.ActiveCfg = Debug|Any CPU
		{63815074-A1AF-4DE1-B694-5907E665FF1D}.Debug|Any CPU.Build.0 = Debug|Any CPU
		{63815074-A1AF-4DE1-B694-5907E665FF1D}.Release|Any CPU.ActiveCfg = Release|Any CPU
		{63815074-A1AF-4DE1-B694-5907E665FF1D}.Release|Any CPU.Build.0 = Release|Any CPU
		{A0FDB245-CF2E-484A-8C30-E22D8CFA7843}.Debug|Any CPU.ActiveCfg = Debug|Any CPU
		{A0FDB245-CF2E-484A-8C30-E22D8CFA7843}.Debug|Any CPU.Build.0 = Debug|Any CPU
		{A0FDB245-CF2E-484A-8C30-E22D8CFA7843}.Release|Any CPU.ActiveCfg = Release|Any CPU
		{A0FDB245-CF2E-484A-8C30-E22D8CFA7843}.Release|Any CPU.Build.0 = Release|Any CPU
		{7C147D35-79B3-43D6-B0AB-A7B53634A213}.Debug|Any CPU.ActiveCfg = Debug|Any CPU
		{7C147D35-79B3-43D6-B0AB-A7B53634A213}.Debug|Any CPU.Build.0 = Debug|Any CPU
		{7C147D35-79B3-43D6-B0AB-A7B53634A213}.Release|Any CPU.ActiveCfg = Release|Any CPU
		{7C147D35-79B3-43D6-B0AB-A7B53634A213}.Release|Any CPU.Build.0 = Release|Any CPU
		{0BC5149B-1EA8-4811-93B7-472B828E2ED8}.Debug|Any CPU.ActiveCfg = Debug|Any CPU
		{0BC5149B-1EA8-4811-93B7-472B828E2ED8}.Debug|Any CPU.Build.0 = Debug|Any CPU
		{0BC5149B-1EA8-4811-93B7-472B828E2ED8}.Release|Any CPU.ActiveCfg = Release|Any CPU
		{0BC5149B-1EA8-4811-93B7-472B828E2ED8}.Release|Any CPU.Build.0 = Release|Any CPU
	EndGlobalSection
	GlobalSection(SolutionProperties) = preSolution
		HideSolutionNode = FALSE
	EndGlobalSection
	GlobalSection(ExtensibilityGlobals) = postSolution
		SolutionGuid = {CA5BD2B6-736D-4355-B8CD-77C63373AA7F}
	EndGlobalSection
EndGlobal
